
Microsoft Visual Studio Solution File, Format Version 12.00
# Visual Studio 15
VisualStudioVersion = 15.0.26730.12
MinimumVisualStudioVersion = 10.0.40219.1
Project("{FAE04EC0-301F-11D3-BF4B-00C04F79EFBC}") = "VS版本转换器", "VS版本转换器\VS版本转换器.csproj", "{A54618DC-1B34-4F96-80FB-A9D38EBCD96D}"
EndProject
Global
	GlobalSection(SolutionConfigurationPlatforms) = preSolution
		Debug|Any CPU = Debug|Any CPU
		Release|Any CPU = Release|Any CPU
	EndGlobalSection
	GlobalSection(ProjectConfigurationPlatforms) = postSolution
		{A54618DC-1B34-4F96-80FB-A9D38EBCD96D}.Debug|Any CPU.ActiveCfg = Debug|Any CPU
		{A54618DC-1B34-4F96-80FB-A9D38EBCD96D}.Debug|Any CPU.Build.0 = Debug|Any CPU
		{A54618DC-1B34-4F96-80FB-A9D38EBCD96D}.Release|Any CPU.ActiveCfg = Release|Any CPU
		{A54618DC-1B34-4F96-80FB-A9D38EBCD96D}.Release|Any CPU.Build.0 = Release|Any CPU
	EndGlobalSection
	GlobalSection(SolutionProperties) = preSolution
		HideSolutionNode = FALSE
	EndGlobalSection
	GlobalSection(ExtensibilityGlobals) = postSolution
		SolutionGuid = {19DBBAAB-1EF9-4F0B-8402-0F14164BB6FC}
	EndGlobalSection
EndGlobal
